
Microsoft Visual Studio Solution File, Format Version 12.00
# Visual Studio Version 17
VisualStudioVersion = 17.14.36310.24 d17.14
MinimumVisualStudioVersion = 10.0.40219.1
Project("{FAE04EC0-301F-11D3-BF4B-00C04F79EFBC}") = "Demo_Interfaces_Abstract_classes", "Demo_Interfaces_Abstract_classes.csproj", "{CD242133-0213-4C98-BB4B-4AD8BBCB470B}"
EndProject
Global
	GlobalSection(SolutionConfigurationPlatforms) = preSolution
		Debug|Any CPU = Debug|Any CPU
		Release|Any CPU = Release|Any CPU
	EndGlobalSection
	GlobalSection(ProjectConfigurationPlatforms) = postSolution
		{CD242133-0213-4C98-BB4B-4AD8BBCB470B}.Debug|Any CPU.ActiveCfg = Debug|Any CPU
		{CD242133-0213-4C98-BB4B-4AD8BBCB470B}.Debug|Any CPU.Build.0 = Debug|Any CPU
		{CD242133-0213-4C98-BB4B-4AD8BBCB470B}.Release|Any CPU.ActiveCfg = Release|Any CPU
		{CD242133-0213-4C98-BB4B-4AD8BBCB470B}.Release|Any CPU.Build.0 = Release|Any CPU
	EndGlobalSection
	GlobalSection(SolutionProperties) = preSolution
		HideSolutionNode = FALSE
	EndGlobalSection
	GlobalSection(ExtensibilityGlobals) = postSolution
		SolutionGuid = {53F29BCA-682E-41CC-9702-D29C14ECDCD1}
	EndGlobalSection
EndGlobal
